
Microsoft Visual Studio Solution File, Format Version 12.00
# Visual Studio 15
VisualStudioVersion = 15.0.27130.2003
MinimumVisualStudioVersion = 10.0.40219.1
Project("{FAE04EC0-301F-11D3-BF4B-00C04F79EFBC}") = "ConsoleEngine", "ConsoleLibrary\ConsoleEngine.csproj", "{41E731A2-8AA7-467C-BD85-AF2A0DDA44D2}"
EndProject
Project("{FAE04EC0-301F-11D3-BF4B-00C04F79EFBC}") = "ConsoleApiTest", "ConsoleApiTest\ConsoleApiTest.csproj", "{514E67FF-856F-4BEE-A61F-FBBD345F713E}"
EndProject
Project("{FAE04EC0-301F-11D3-BF4B-00C04F79EFBC}") = "WindowsWrapper", "WindowsWrapper\WindowsWrapper.csproj", "{3AF42A1F-FDEA-4DBC-B2C7-06ABCA2DCEA4}"
EndProject
Global
	GlobalSection(SolutionConfigurationPlatforms) = preSolution
		Debug|Any CPU = Debug|Any CPU
		Release|Any CPU = Release|Any CPU
	EndGlobalSection
	GlobalSection(ProjectConfigurationPlatforms) = postSolution
		{41E731A2-8AA7-467C-BD85-AF2A0DDA44D2}.Debug|Any CPU.ActiveCfg = Debug|Any CPU
		{41E731A2-8AA7-467C-BD85-AF2A0DDA44D2}.Debug|Any CPU.Build.0 = Debug|Any CPU
		{41E731A2-8AA7-467C-BD85-AF2A0DDA44D2}.Release|Any CPU.ActiveCfg = Release|Any CPU
		{41E731A2-8AA7-467C-BD85-AF2A0DDA44D2}.Release|Any CPU.Build.0 = Release|Any CPU
		{514E67FF-856F-4BEE-A61F-FBBD345F713E}.Debug|Any CPU.ActiveCfg = Debug|Any CPU
		{514E67FF-856F-4BEE-A61F-FBBD345F713E}.Debug|Any CPU.Build.0 = Debug|Any CPU
		{514E67FF-856F-4BEE-A61F-FBBD345F713E}.Release|Any CPU.ActiveCfg = Release|Any CPU
		{514E67FF-856F-4BEE-A61F-FBBD345F713E}.Release|Any CPU.Build.0 = Release|Any CPU
		{3AF42A1F-FDEA-4DBC-B2C7-06ABCA2DCEA4}.Debug|Any CPU.ActiveCfg = Debug|Any CPU
		{3AF42A1F-FDEA-4DBC-B2C7-06ABCA2DCEA4}.Debug|Any CPU.Build.0 = Debug|Any CPU
		{3AF42A1F-FDEA-4DBC-B2C7-06ABCA2DCEA4}.Release|Any CPU.ActiveCfg = Release|Any CPU
		{3AF42A1F-FDEA-4DBC-B2C7-06ABCA2DCEA4}.Release|Any CPU.Build.0 = Release|Any CPU
	EndGlobalSection
	GlobalSection(SolutionProperties) = preSolution
		HideSolutionNode = FALSE
	EndGlobalSection
	GlobalSection(ExtensibilityGlobals) = postSolution
		SolutionGuid = {5636F1BC-9278-436C-8238-D9D6D97520EA}
	EndGlobalSection
EndGlobal
